
Microsoft Visual Studio Solution File, Format Version 12.00
# Visual Studio Version 17
VisualStudioVersion = 17.4.33213.308
MinimumVisualStudioVersion = 10.0.40219.1
Project("{FAE04EC0-301F-11D3-BF4B-00C04F79EFBC}") = "Names", "Names\Names.csproj", "{51B39622-8217-4947-A71B-FB60BB1EF111}"
EndProject
Global
	GlobalSection(SolutionConfigurationPlatforms) = preSolution
		Debug|Any CPU = Debug|Any CPU
		Release|Any CPU = Release|Any CPU
	EndGlobalSection
	GlobalSection(ProjectConfigurationPlatforms) = postSolution
		{51B39622-8217-4947-A71B-FB60BB1EF111}.Debug|Any CPU.ActiveCfg = Debug|Any CPU
		{51B39622-8217-4947-A71B-FB60BB1EF111}.Debug|Any CPU.Build.0 = Debug|Any CPU
		{51B39622-8217-4947-A71B-FB60BB1EF111}.Release|Any CPU.ActiveCfg = Release|Any CPU
		{51B39622-8217-4947-A71B-FB60BB1EF111}.Release|Any CPU.Build.0 = Release|Any CPU
	EndGlobalSection
	GlobalSection(SolutionProperties) = preSolution
		HideSolutionNode = FALSE
	EndGlobalSection
	GlobalSection(ExtensibilityGlobals) = postSolution
		SolutionGuid = {30E99DD3-1DBF-4FD9-8BA0-EA693A5DA8B3}
	EndGlobalSection
EndGlobal
